
Microsoft Visual Studio Solution File, Format Version 12.00
# Visual Studio Version 17
VisualStudioVersion = 17.9.34723.18
MinimumVisualStudioVersion = 10.0.40219.1
Project("{9A19103F-16F7-4668-BE54-9A1E7A4F7556}") = "StudentRazorPages", "StudentRazorPages\StudentRazorPages.csproj", "{271BC8C1-C37D-4DA5-BCC2-8A966A948D19}"
EndProject
Global
	GlobalSection(SolutionConfigurationPlatforms) = preSolution
		Debug|Any CPU = Debug|Any CPU
		Release|Any CPU = Release|Any CPU
	EndGlobalSection
	GlobalSection(ProjectConfigurationPlatforms) = postSolution
		{271BC8C1-C37D-4DA5-BCC2-8A966A948D19}.Debug|Any CPU.ActiveCfg = Debug|Any CPU
		{271BC8C1-C37D-4DA5-BCC2-8A966A948D19}.Debug|Any CPU.Build.0 = Debug|Any CPU
		{271BC8C1-C37D-4DA5-BCC2-8A966A948D19}.Release|Any CPU.ActiveCfg = Release|Any CPU
		{271BC8C1-C37D-4DA5-BCC2-8A966A948D19}.Release|Any CPU.Build.0 = Release|Any CPU
	EndGlobalSection
	GlobalSection(SolutionProperties) = preSolution
		HideSolutionNode = FALSE
	EndGlobalSection
	GlobalSection(ExtensibilityGlobals) = postSolution
		SolutionGuid = {659324D3-2169-46FF-B6C6-7215C60D81E7}
	EndGlobalSection
EndGlobal
